
Microsoft Visual Studio Solution File, Format Version 12.00
# Visual Studio Version 17
VisualStudioVersion = 17.8.34330.188
MinimumVisualStudioVersion = 10.0.40219.1
Project("{FAE04EC0-301F-11D3-BF4B-00C04F79EFBC}") = "Homework1", "Homework1\Homework1.csproj", "{A13C0351-996B-41F1-AF43-5BC7F1894832}"
EndProject
Global
	GlobalSection(SolutionConfigurationPlatforms) = preSolution
		Debug|Any CPU = Debug|Any CPU
		Release|Any CPU = Release|Any CPU
	EndGlobalSection
	GlobalSection(ProjectConfigurationPlatforms) = postSolution
		{A13C0351-996B-41F1-AF43-5BC7F1894832}.Debug|Any CPU.ActiveCfg = Debug|Any CPU
		{A13C0351-996B-41F1-AF43-5BC7F1894832}.Debug|Any CPU.Build.0 = Debug|Any CPU
		{A13C0351-996B-41F1-AF43-5BC7F1894832}.Release|Any CPU.ActiveCfg = Release|Any CPU
		{A13C0351-996B-41F1-AF43-5BC7F1894832}.Release|Any CPU.Build.0 = Release|Any CPU
	EndGlobalSection
	GlobalSection(SolutionProperties) = preSolution
		HideSolutionNode = FALSE
	EndGlobalSection
	GlobalSection(ExtensibilityGlobals) = postSolution
		SolutionGuid = {C3D67B9B-811F-49A6-AB8D-C8EF4861C37B}
	EndGlobalSection
EndGlobal
